
Microsoft Visual Studio Solution File, Format Version 12.00
# Visual Studio 2012
Project("{FAE04EC0-301F-11D3-BF4B-00C04F79EFBC}") = "DnD5e_CBMobile_Android", "DnD5e_CBMobile_Android\DnD5e_CBMobile_Android.csproj", "{C9308C09-3903-4537-8A51-7A452004F80F}"
EndProject
Project("{FAE04EC0-301F-11D3-BF4B-00C04F79EFBC}") = "DnD5e_CBMobile_Core", "DnD5e_CBMobile_Core\DnD5e_CBMobile_Core.csproj", "{F96EB93A-B90E-4DFD-AE16-5E81B6EA6FA4}"
EndProject
Project("{FAE04EC0-301F-11D3-BF4B-00C04F79EFBC}") = "DnD5e_CBMobile_Core.Tests", "DnD5e_CBMobile_Core.Tests\DnD5e_CBMobile_Core.Tests.csproj", "{614C22A4-C8DA-418E-B355-492CA7505C3B}"
EndProject
Global
	GlobalSection(SolutionConfigurationPlatforms) = preSolution
		Debug|Any CPU = Debug|Any CPU
		Release|Any CPU = Release|Any CPU
	EndGlobalSection
	GlobalSection(ProjectConfigurationPlatforms) = postSolution
		{614C22A4-C8DA-418E-B355-492CA7505C3B}.Debug|Any CPU.ActiveCfg = Debug|Any CPU
		{614C22A4-C8DA-418E-B355-492CA7505C3B}.Debug|Any CPU.Build.0 = Debug|Any CPU
		{614C22A4-C8DA-418E-B355-492CA7505C3B}.Release|Any CPU.ActiveCfg = Release|Any CPU
		{614C22A4-C8DA-418E-B355-492CA7505C3B}.Release|Any CPU.Build.0 = Release|Any CPU
		{C9308C09-3903-4537-8A51-7A452004F80F}.Debug|Any CPU.ActiveCfg = Debug|Any CPU
		{C9308C09-3903-4537-8A51-7A452004F80F}.Debug|Any CPU.Build.0 = Debug|Any CPU
		{C9308C09-3903-4537-8A51-7A452004F80F}.Release|Any CPU.ActiveCfg = Release|Any CPU
		{C9308C09-3903-4537-8A51-7A452004F80F}.Release|Any CPU.Build.0 = Release|Any CPU
		{F96EB93A-B90E-4DFD-AE16-5E81B6EA6FA4}.Debug|Any CPU.ActiveCfg = Debug|Any CPU
		{F96EB93A-B90E-4DFD-AE16-5E81B6EA6FA4}.Debug|Any CPU.Build.0 = Debug|Any CPU
		{F96EB93A-B90E-4DFD-AE16-5E81B6EA6FA4}.Release|Any CPU.ActiveCfg = Release|Any CPU
		{F96EB93A-B90E-4DFD-AE16-5E81B6EA6FA4}.Release|Any CPU.Build.0 = Release|Any CPU
	EndGlobalSection
EndGlobal
